
Microsoft Visual Studio Solution File, Format Version 12.00
# Visual Studio Version 17
VisualStudioVersion = 17.3.32901.215
MinimumVisualStudioVersion = 10.0.40219.1
Project("{FAE04EC0-301F-11D3-BF4B-00C04F79EFBC}") = "TCPIP2t", "TCPIP2t\TCPIP2t.csproj", "{4F074B74-9237-45EA-A3D4-C3FFDB25F47F}"
EndProject
Global
	GlobalSection(SolutionConfigurationPlatforms) = preSolution
		Debug|Any CPU = Debug|Any CPU
		Release|Any CPU = Release|Any CPU
	EndGlobalSection
	GlobalSection(ProjectConfigurationPlatforms) = postSolution
		{4F074B74-9237-45EA-A3D4-C3FFDB25F47F}.Debug|Any CPU.ActiveCfg = Debug|Any CPU
		{4F074B74-9237-45EA-A3D4-C3FFDB25F47F}.Debug|Any CPU.Build.0 = Debug|Any CPU
		{4F074B74-9237-45EA-A3D4-C3FFDB25F47F}.Release|Any CPU.ActiveCfg = Release|Any CPU
		{4F074B74-9237-45EA-A3D4-C3FFDB25F47F}.Release|Any CPU.Build.0 = Release|Any CPU
	EndGlobalSection
	GlobalSection(SolutionProperties) = preSolution
		HideSolutionNode = FALSE
	EndGlobalSection
	GlobalSection(ExtensibilityGlobals) = postSolution
		SolutionGuid = {0720A9FC-4066-40C4-86AA-3EBBA01CB7F8}
	EndGlobalSection
EndGlobal
